
Microsoft Visual Studio Solution File, Format Version 12.00
# Visual Studio 15
VisualStudioVersion = 15.0.28307.421
MinimumVisualStudioVersion = 10.0.40219.1
Project("{2150E333-8FDC-42A3-9474-1A3956D46DE8}") = "HTML기본1", "HTML기본1", "{3D4F57E1-4B46-44CA-B471-F693E6A1DF23}"
	ProjectSection(SolutionItems) = preProject
		HTMLPage1.html = HTMLPage1.html
		HTMLPage2.html = HTMLPage2.html
	EndProjectSection
EndProject
Project("{2150E333-8FDC-42A3-9474-1A3956D46DE8}") = "HTML기본2", "HTML기본2", "{6A146141-6FD9-4603-BDE3-37FB2C48B17A}"
	ProjectSection(SolutionItems) = preProject
		34ex1.mp3 = 34ex1.mp3
		HTMLPage3.html = HTMLPage3.html
		HTMLPage4.html = HTMLPage4.html
		HTMLPage5.html = HTMLPage5.html
		HTMLPage6.html = HTMLPage6.html
		HTMLPage7.html = HTMLPage7.html
		HTMLPage8.html = HTMLPage8.html
		img01.png = img01.png
		img02.png = img02.png
		img03.png = img03.png
		img04.png = img04.png
		img05.png = img05.png
		Navi_dr.png = Navi_dr.png
	EndProjectSection
EndProject
Project("{2150E333-8FDC-42A3-9474-1A3956D46DE8}") = "HTML기본3", "HTML기본3", "{ED682AAB-18BF-4A30-BFE2-172CF7261D22}"
	ProjectSection(SolutionItems) = preProject
		HTMLPage10.html = HTMLPage10.html
		HTMLPage11.html = HTMLPage11.html
		HTMLPage9.html = HTMLPage9.html
	EndProjectSection
EndProject
Project("{2150E333-8FDC-42A3-9474-1A3956D46DE8}") = "HTML기본4", "HTML기본4", "{7A558D22-AAF3-4561-A303-0823C4EFC9B8}"
	ProjectSection(SolutionItems) = preProject
		HTMLPage12.html = HTMLPage12.html
		HTMLPage13.html = HTMLPage13.html
	EndProjectSection
EndProject
Project("{2150E333-8FDC-42A3-9474-1A3956D46DE8}") = "CSS기본1", "CSS기본1", "{93A9E85D-01BF-4441-96BC-D39613248903}"
	ProjectSection(SolutionItems) = preProject
		HTMLPage14.html = HTMLPage14.html
		HTMLPage15.html = HTMLPage15.html
		HTMLPage16.html = HTMLPage16.html
		HTMLPage17.html = HTMLPage17.html
	EndProjectSection
EndProject
Project("{2150E333-8FDC-42A3-9474-1A3956D46DE8}") = "CSS기본2", "CSS기본2", "{FA6C54DC-7C99-4DF5-9D22-05A20CADE932}"
	ProjectSection(SolutionItems) = preProject
		HTMLPage18.html = HTMLPage18.html
		HTMLPage19.html = HTMLPage19.html
		HTMLPage20.html = HTMLPage20.html
		HTMLPage21.html = HTMLPage21.html
		HTMLPage22.html = HTMLPage22.html
	EndProjectSection
EndProject
Project("{2150E333-8FDC-42A3-9474-1A3956D46DE8}") = "CSS기본3", "CSS기본3", "{4607F3E3-7163-424C-BB9F-5980E64ADAC4}"
	ProjectSection(SolutionItems) = preProject
		HTMLPage23.html = HTMLPage23.html
		HTMLPage24.html = HTMLPage24.html
		HTMLPage25.html = HTMLPage25.html
		HTMLPage26.html = HTMLPage26.html
	EndProjectSection
EndProject
Project("{2150E333-8FDC-42A3-9474-1A3956D46DE8}") = "CSS기본4", "CSS기본4", "{06410EF4-0AF9-4F21-97F2-61FC8DF0575E}"
	ProjectSection(SolutionItems) = preProject
		HTMLPage27.html = HTMLPage27.html
		HTMLPage28.html = HTMLPage28.html
		HTMLPage29.html = HTMLPage29.html
	EndProjectSection
EndProject
Project("{2150E333-8FDC-42A3-9474-1A3956D46DE8}") = "CSS속성1", "CSS속성1", "{85225889-BDD2-4BD7-8A41-E8265B800C44}"
	ProjectSection(SolutionItems) = preProject
		HTMLPage30.html = HTMLPage30.html
		HTMLPage31.html = HTMLPage31.html
		HTMLPage32.html = HTMLPage32.html
		HTMLPage33.html = HTMLPage33.html
		HTMLPage34.html = HTMLPage34.html
	EndProjectSection
EndProject
Project("{2150E333-8FDC-42A3-9474-1A3956D46DE8}") = "CSS속성2", "CSS속성2", "{C43526FB-C5EC-4B82-B943-F3DD917B5E68}"
	ProjectSection(SolutionItems) = preProject
		HTMLPage35.html = HTMLPage35.html
		HTMLPage36.html = HTMLPage36.html
		HTMLPage37.html = HTMLPage37.html
		HTMLPage38.html = HTMLPage38.html
		HTMLPage39.html = HTMLPage39.html
	EndProjectSection
EndProject
Global
	GlobalSection(SolutionProperties) = preSolution
		HideSolutionNode = FALSE
	EndGlobalSection
	GlobalSection(ExtensibilityGlobals) = postSolution
		SolutionGuid = {3AA50760-6876-4B4E-A247-E5D40F5E32D7}
	EndGlobalSection
EndGlobal
